{
  "nodes": {
    "crane": {
      "flake": false,
      "locked": {
        "lastModified": 1681175776,
        "narHash": "sha256-7SsUy9114fryHAZ8p1L6G6YSu7jjz55FddEwa2U8XZc=",
        "owner": "ipetkov",
        "repo": "crane",
        "rev": "445a3d222947632b5593112bb817850e8a9cf737",
        "type": "github"
      },
      "original": {
        "owner": "ipetkov",
        "ref": "v0.12.1",
        "repo": "crane",
        "type": "github"
      }
    },
    "dream2nix": {
      "inputs": {
        "all-cabal-json": [
          "nci"
        ],
        "crane": "crane",
        "devshell": [
          "nci"
        ],
        "drv-parts": "drv-parts",
        "flake-compat": "flake-compat",
        "flake-parts": [
          "nci",
          "parts"
        ],
        "flake-utils-pre-commit": [
          "nci"
        ],
        "ghc-utils": [
          "nci"
        ],
        "gomod2nix": [
          "nci"
        ],
        "mach-nix": [
          "nci"
        ],
        "nix-pypi-fetcher": [
          "nci"
        ],
        "nixpkgs": [
          "nci",
          "nixpkgs"
        ],
        "nixpkgsV1": "nixpkgsV1",
        "poetry2nix": [
          "nci"
        ],
        "pre-commit-hooks": [
          "nci"
        ],
        "pruned-racket-catalog": [
          "nci"
        ]
      },
      "locked": {
        "lastModified": 1683212002,
        "narHash": "sha256-EObtqyQsv9v+inieRY5cvyCMCUI5zuU5qu+1axlJCPM=",
        "owner": "nix-community",
        "repo": "dream2nix",
        "rev": "fbfb09d2ab5ff761d822dd40b4a1def81651d096",
        "type": "github"
      },
      "original": {
        "owner": "nix-community",
        "repo": "dream2nix",
        "type": "github"
      }
    },
    "drv-parts": {
      "inputs": {
        "flake-compat": [
          "nci",
          "dream2nix",
          "flake-compat"
        ],
        "flake-parts": [
          "nci",
          "dream2nix",
          "flake-parts"
        ],
        "nixpkgs": [
          "nci",
          "dream2nix",
          "nixpkgs"
        ]
      },
      "locked": {
        "lastModified": 1680698112,
        "narHash": "sha256-FgnobN/DvCjEsc0UAZEAdPLkL4IZi2ZMnu2K2bUaElc=",
        "owner": "davhau",
        "repo": "drv-parts",
        "rev": "e8c2ec1157dc1edb002989669a0dbd935f430201",
        "type": "github"
      },
      "original": {
        "owner": "davhau",
        "repo": "drv-parts",
        "type": "github"
      }
    },
    "flake-compat": {
      "flake": false,
      "locked": {
        "lastModified": 1673956053,
        "narHash": "sha256-4gtG9iQuiKITOjNQQeQIpoIB6b16fm+504Ch3sNKLd8=",
        "owner": "edolstra",
        "repo": "flake-compat",
        "rev": "35bb57c0c8d8b62bbfd284272c928ceb64ddbde9",
        "type": "github"
      },
      "original": {
        "owner": "edolstra",
        "repo": "flake-compat",
        "type": "github"
      }
    },
    "mk-naked-shell": {
      "flake": false,
      "locked": {
        "lastModified": 1681286841,
        "narHash": "sha256-3XlJrwlR0nBiREnuogoa5i1b4+w/XPe0z8bbrJASw0g=",
        "owner": "yusdacra",
        "repo": "mk-naked-shell",
        "rev": "7612f828dd6f22b7fb332cc69440e839d7ffe6bd",
        "type": "github"
      },
      "original": {
        "owner": "yusdacra",
        "repo": "mk-naked-shell",
        "type": "github"
      }
    },
    "nci": {
      "inputs": {
        "dream2nix": "dream2nix",
        "mk-naked-shell": "mk-naked-shell",
        "nixpkgs": [
          "nixpkgs"
        ],
        "parts": "parts",
        "rust-overlay": "rust-overlay"
      },
      "locked": {
        "lastModified": 1683353392,
        "narHash": "sha256-q4fUAODda1zCs9mrv5C8bpeupLJyXE2ai6FlBF9EaWY=",
        "owner": "yusdacra",
        "repo": "nix-cargo-integration",
        "rev": "1a76fd50d5d83c53f2988b6a0feddd130ad90cb4",
        "type": "github"
      },
      "original": {
        "owner": "yusdacra",
        "repo": "nix-cargo-integration",
        "type": "github"
      }
    },
    "nixpkgs": {
      "locked": {
        "lastModified": 1683286087,
        "narHash": "sha256-xseOd7W7xwF5GOF2RW8qhjmVGrKoBz+caBlreaNzoeI=",
        "owner": "nixos",
        "repo": "nixpkgs",
        "rev": "3e313808bd2e0a0669430787fb22e43b2f4bf8bf",
        "type": "github"
      },
      "original": {
        "owner": "nixos",
        "ref": "nixos-unstable",
        "repo": "nixpkgs",
        "type": "github"
      }
    },
    "nixpkgsV1": {
      "locked": {
        "lastModified": 1678500271,
        "narHash": "sha256-tRBLElf6f02HJGG0ZR7znMNFv/Uf7b2fFInpTHiHaSE=",
        "owner": "NixOS",
        "repo": "nixpkgs",
        "rev": "5eb98948b66de29f899c7fe27ae112a47964baf8",
        "type": "github"
      },
      "original": {
        "id": "nixpkgs",
        "ref": "nixos-22.11",
        "type": "indirect"
      }
    },
    "parts": {
      "inputs": {
        "nixpkgs-lib": [
          "nci",
          "nixpkgs"
        ]
      },
      "locked": {
        "lastModified": 1682984683,
        "narHash": "sha256-fSMthG+tp60AHhNmaHc4StT3ltfHkQsJtN8GhfLWmtI=",
        "owner": "hercules-ci",
        "repo": "flake-parts",
        "rev": "86684881e184f41aa322e653880e497b66429f3e",
        "type": "github"
      },
      "original": {
        "owner": "hercules-ci",
        "repo": "flake-parts",
        "type": "github"
      }
    },
    "parts_2": {
      "inputs": {
        "nixpkgs-lib": [
          "nixpkgs"
        ]
      },
      "locked": {
        "lastModified": 1682984683,
        "narHash": "sha256-fSMthG+tp60AHhNmaHc4StT3ltfHkQsJtN8GhfLWmtI=",
        "owner": "hercules-ci",
        "repo": "flake-parts",
        "rev": "86684881e184f41aa322e653880e497b66429f3e",
        "type": "github"
      },
      "original": {
        "owner": "hercules-ci",
        "repo": "flake-parts",
        "type": "github"
      }
    },
    "root": {
      "inputs": {
        "nci": "nci",
        "nixpkgs": "nixpkgs",
        "parts": "parts_2"
      }
    },
    "rust-overlay": {
      "flake": false,
      "locked": {
        "lastModified": 1683339427,
        "narHash": "sha256-CRf4eHfdud0imCZpCGrDC2rbwgJpnQZnb/kIm8D+tJM=",
        "owner": "oxalica",
        "repo": "rust-overlay",
        "rev": "a61fcd9910229d097ffef92b5a2440065e3b64d5",
        "type": "github"
      },
      "original": {
        "owner": "oxalica",
        "repo": "rust-overlay",
        "type": "github"
      }
    }
  },
  "root": "root",
  "version": 7
}
